
Microsoft Visual Studio Solution File, Format Version 12.00
# Visual Studio Version 17
VisualStudioVersion = 17.2.32516.85
MinimumVisualStudioVersion = 10.0.40219.1
Project("{FAE04EC0-301F-11D3-BF4B-00C04F79EFBC}") = "DemoAutomation", "DemoAutomation\DemoAutomation.csproj", "{3AE9BEB9-D4B9-41A1-856B-E54498293552}"
EndProject
Global
	GlobalSection(SolutionConfigurationPlatforms) = preSolution
		Debug|Any CPU = Debug|Any CPU
		Release|Any CPU = Release|Any CPU
	EndGlobalSection
	GlobalSection(ProjectConfigurationPlatforms) = postSolution
		{3AE9BEB9-D4B9-41A1-856B-E54498293552}.Debug|Any CPU.ActiveCfg = Debug|Any CPU
		{3AE9BEB9-D4B9-41A1-856B-E54498293552}.Debug|Any CPU.Build.0 = Debug|Any CPU
		{3AE9BEB9-D4B9-41A1-856B-E54498293552}.Release|Any CPU.ActiveCfg = Release|Any CPU
		{3AE9BEB9-D4B9-41A1-856B-E54498293552}.Release|Any CPU.Build.0 = Release|Any CPU
	EndGlobalSection
	GlobalSection(SolutionProperties) = preSolution
		HideSolutionNode = FALSE
	EndGlobalSection
	GlobalSection(ExtensibilityGlobals) = postSolution
		SolutionGuid = {3B4C7B1C-F808-49EC-B277-0E77F02BAFD8}
	EndGlobalSection
EndGlobal
